
Microsoft Visual Studio Solution File, Format Version 12.00
# Visual Studio Version 17
VisualStudioVersion = 17.9.34728.123
MinimumVisualStudioVersion = 10.0.40219.1
Project("{FAE04EC0-301F-11D3-BF4B-00C04F79EFBC}") = "Exercise1", "Exercise1\Exercise1.csproj", "{22859228-717A-416D-A0B3-7C65207E4130}"
EndProject
Global
	GlobalSection(SolutionConfigurationPlatforms) = preSolution
		Debug|Any CPU = Debug|Any CPU
		Release|Any CPU = Release|Any CPU
	EndGlobalSection
	GlobalSection(ProjectConfigurationPlatforms) = postSolution
		{22859228-717A-416D-A0B3-7C65207E4130}.Debug|Any CPU.ActiveCfg = Debug|Any CPU
		{22859228-717A-416D-A0B3-7C65207E4130}.Debug|Any CPU.Build.0 = Debug|Any CPU
		{22859228-717A-416D-A0B3-7C65207E4130}.Release|Any CPU.ActiveCfg = Release|Any CPU
		{22859228-717A-416D-A0B3-7C65207E4130}.Release|Any CPU.Build.0 = Release|Any CPU
	EndGlobalSection
	GlobalSection(SolutionProperties) = preSolution
		HideSolutionNode = FALSE
	EndGlobalSection
	GlobalSection(ExtensibilityGlobals) = postSolution
		SolutionGuid = {6740D340-65F6-4E72-9E40-DAD4427FC7C0}
	EndGlobalSection
EndGlobal
