
Microsoft Visual Studio Solution File, Format Version 12.00
# Visual Studio Version 17
VisualStudioVersion = 17.9.34728.123
MinimumVisualStudioVersion = 10.0.40219.1
Project("{9A19103F-16F7-4668-BE54-9A1E7A4F7556}") = "Exercise2", "Exercise2.csproj", "{9C0D68E1-4FFA-4D80-B187-ECA4F3D151B9}"
EndProject
Global
	GlobalSection(SolutionConfigurationPlatforms) = preSolution
		Debug|Any CPU = Debug|Any CPU
		Release|Any CPU = Release|Any CPU
	EndGlobalSection
	GlobalSection(ProjectConfigurationPlatforms) = postSolution
		{9C0D68E1-4FFA-4D80-B187-ECA4F3D151B9}.Debug|Any CPU.ActiveCfg = Debug|Any CPU
		{9C0D68E1-4FFA-4D80-B187-ECA4F3D151B9}.Debug|Any CPU.Build.0 = Debug|Any CPU
		{9C0D68E1-4FFA-4D80-B187-ECA4F3D151B9}.Release|Any CPU.ActiveCfg = Release|Any CPU
		{9C0D68E1-4FFA-4D80-B187-ECA4F3D151B9}.Release|Any CPU.Build.0 = Release|Any CPU
	EndGlobalSection
	GlobalSection(SolutionProperties) = preSolution
		HideSolutionNode = FALSE
	EndGlobalSection
	GlobalSection(ExtensibilityGlobals) = postSolution
		SolutionGuid = {13B91D63-E572-4BCA-BE40-5744BA85392D}
	EndGlobalSection
EndGlobal
