
Microsoft Visual Studio Solution File, Format Version 12.00
# Visual Studio Version 17
VisualStudioVersion = 17.13.35931.197 d17.13
MinimumVisualStudioVersion = 10.0.40219.1
Project("{FAE04EC0-301F-11D3-BF4B-00C04F79EFBC}") = "ActivityTrackerClient", "ActivityTrackerClient\ActivityTrackerClient.csproj", "{A35960F3-9035-4236-86DD-C95ED5DA46F8}"
EndProject
Global
	GlobalSection(SolutionConfigurationPlatforms) = preSolution
		Debug|Any CPU = Debug|Any CPU
		Release|Any CPU = Release|Any CPU
	EndGlobalSection
	GlobalSection(ProjectConfigurationPlatforms) = postSolution
		{A35960F3-9035-4236-86DD-C95ED5DA46F8}.Debug|Any CPU.ActiveCfg = Debug|Any CPU
		{A35960F3-9035-4236-86DD-C95ED5DA46F8}.Debug|Any CPU.Build.0 = Debug|Any CPU
		{A35960F3-9035-4236-86DD-C95ED5DA46F8}.Release|Any CPU.ActiveCfg = Release|Any CPU
		{A35960F3-9035-4236-86DD-C95ED5DA46F8}.Release|Any CPU.Build.0 = Release|Any CPU
	EndGlobalSection
	GlobalSection(SolutionProperties) = preSolution
		HideSolutionNode = FALSE
	EndGlobalSection
	GlobalSection(ExtensibilityGlobals) = postSolution
		SolutionGuid = {A47B3ACD-8FFC-4BF6-9D7F-CA19E4DE4BE3}
	EndGlobalSection
EndGlobal
